// !$*UTF8*$!
{
	archiveVersion = 1;
	classes = {
	};
	objectVersion = 46;
	objects = {

/* Begin PBXFileReference section */
		A87B07EA18FAB9B600331074 /* controller.py */ = {isa = PBXFileReference; fileEncoding = 4; lastKnownFileType = text.script.python; path = controller.py; sourceTree = "<group>"; };
		A87B07EB18FABA3500331074 /* __init__.py */ = {isa = PBXFileReference; lastKnownFileType = text.script.python; path = __init__.py; sourceTree = "<group>"; };
		A87B07EC18FABA3C00331074 /* __init__.py */ = {isa = PBXFileReference; lastKnownFileType = text.script.python; path = __init__.py; sourceTree = "<group>"; };
		A87B07EE18FABA7900331074 /* __init__.py */ = {isa = PBXFileReference; lastKnownFileType = text.script.python; path = __init__.py; sourceTree = "<group>"; };
		A87B07F018FABB0800331074 /* __init__.py */ = {isa = PBXFileReference; lastKnownFileType = text.script.python; path = __init__.py; sourceTree = "<group>"; };
		A87B07F118FABBF500331074 /* route.py */ = {isa = PBXFileReference; fileEncoding = 4; lastKnownFileType = text.script.python; path = route.py; sourceTree = "<group>"; };
		A87B07F418FABEF200331074 /* querystring.py */ = {isa = PBXFileReference; lastKnownFileType = text.script.python; path = querystring.py; sourceTree = "<group>"; };
		A87B07F518FABEF200331074 /* scheme.py */ = {isa = PBXFileReference; lastKnownFileType = text.script.python; path = scheme.py; sourceTree = "<group>"; };
		A87B07F618FABEF200331074 /* url.py */ = {isa = PBXFileReference; lastKnownFileType = text.script.python; path = url.py; sourceTree = "<group>"; };
		A87B07F818FAC82800331074 /* test.py */ = {isa = PBXFileReference; fileEncoding = 4; lastKnownFileType = text.script.python; path = test.py; sourceTree = "<group>"; };
		A87B07F918FACC5000331074 /* __init__.py */ = {isa = PBXFileReference; lastKnownFileType = text.script.python; path = __init__.py; sourceTree = "<group>"; };
		A87B07FB18FB0BEF00331074 /* test.py */ = {isa = PBXFileReference; fileEncoding = 4; lastKnownFileType = text.script.python; path = test.py; sourceTree = "<group>"; };
		A87B07FC18FB17EA00331074 /* __init__.py */ = {isa = PBXFileReference; fileEncoding = 4; lastKnownFileType = text.script.python; path = __init__.py; sourceTree = "<group>"; };
		A8967A8A18FC020C00827CBA /* test.py */ = {isa = PBXFileReference; fileEncoding = 4; lastKnownFileType = text.script.python; path = test.py; sourceTree = "<group>"; };
		A8967A8B18FC36BF00827CBA /* example.pyhtml */ = {isa = PBXFileReference; fileEncoding = 4; lastKnownFileType = text; path = example.pyhtml; sourceTree = "<group>"; };
		A8967A9F18FC5DFD00827CBA /* template.py */ = {isa = PBXFileReference; fileEncoding = 4; lastKnownFileType = text.script.python; path = template.py; sourceTree = "<group>"; };
		A8967AA018FC5E0D00827CBA /* test.py */ = {isa = PBXFileReference; fileEncoding = 4; lastKnownFileType = text.script.python; path = test.py; sourceTree = "<group>"; };
		A8967AA118FC5F3200827CBA /* test */ = {isa = PBXFileReference; fileEncoding = 4; lastKnownFileType = text; path = test; sourceTree = "<group>"; };
		A8B7085C18FFF255007FF3A1 /* example.html */ = {isa = PBXFileReference; fileEncoding = 4; lastKnownFileType = text.html; path = example.html; sourceTree = "<group>"; };
		A8C7C5FB18F9928400F5C0B2 /* example.py */ = {isa = PBXFileReference; fileEncoding = 4; lastKnownFileType = text.script.python; path = example.py; sourceTree = "<group>"; };
		A8C7C5FD18F9928400F5C0B2 /* __init__.py */ = {isa = PBXFileReference; fileEncoding = 4; lastKnownFileType = text.script.python; path = __init__.py; sourceTree = "<group>"; };
		A8C7C5FE18F9928400F5C0B2 /* method.py */ = {isa = PBXFileReference; fileEncoding = 4; lastKnownFileType = text.script.python; path = method.py; sourceTree = "<group>"; };
		A8C7C5FF18F9928400F5C0B2 /* request.py */ = {isa = PBXFileReference; fileEncoding = 4; lastKnownFileType = text.script.python; path = request.py; sourceTree = "<group>"; };
		A8C7C60018F9928400F5C0B2 /* response.py */ = {isa = PBXFileReference; fileEncoding = 4; lastKnownFileType = text.script.python; path = response.py; sourceTree = "<group>"; };
		A8C7C60118F9928400F5C0B2 /* statuscode.py */ = {isa = PBXFileReference; fileEncoding = 4; lastKnownFileType = text.script.python; path = statuscode.py; sourceTree = "<group>"; };
		A8C7C60318F9928400F5C0B2 /* __init__.py */ = {isa = PBXFileReference; fileEncoding = 4; lastKnownFileType = text.script.python; path = __init__.py; sourceTree = "<group>"; };
		A8C7C60418F9928400F5C0B2 /* interface.py */ = {isa = PBXFileReference; fileEncoding = 4; lastKnownFileType = text.script.python; path = interface.py; sourceTree = "<group>"; };
/* End PBXFileReference section */

/* Begin PBXGroup section */
		A87B07E718FAB77100331074 /* routing */ = {
			isa = PBXGroup;
			children = (
				A87B07EC18FABA3C00331074 /* __init__.py */,
				A87B07F118FABBF500331074 /* route.py */,
				A87B07F818FAC82800331074 /* test.py */,
			);
			path = routing;
			sourceTree = "<group>";
		};
		A87B07E918FAB9A400331074 /* controller */ = {
			isa = PBXGroup;
			children = (
				A87B07EB18FABA3500331074 /* __init__.py */,
				A87B07EA18FAB9B600331074 /* controller.py */,
			);
			path = controller;
			sourceTree = "<group>";
		};
		A87B07ED18FABA7900331074 /* modelbinding */ = {
			isa = PBXGroup;
			children = (
				A87B07EE18FABA7900331074 /* __init__.py */,
			);
			path = modelbinding;
			sourceTree = "<group>";
		};
		A87B07EF18FABB0800331074 /* templating */ = {
			isa = PBXGroup;
			children = (
				A87B07F018FABB0800331074 /* __init__.py */,
				A8967A8B18FC36BF00827CBA /* example.pyhtml */,
				A8B7085C18FFF255007FF3A1 /* example.html */,
				A8967A9F18FC5DFD00827CBA /* template.py */,
				A8967AA018FC5E0D00827CBA /* test.py */,
			);
			path = templating;
			sourceTree = "<group>";
		};
		A87B07F318FABEF200331074 /* url */ = {
			isa = PBXGroup;
			children = (
				A87B07FC18FB17EA00331074 /* __init__.py */,
				A87B07F418FABEF200331074 /* querystring.py */,
				A87B07F518FABEF200331074 /* scheme.py */,
				A87B07F618FABEF200331074 /* url.py */,
				A87B07FB18FB0BEF00331074 /* test.py */,
			);
			path = url;
			sourceTree = "<group>";
		};
		A8C7C5EF18F990EB00F5C0B2 = {
			isa = PBXGroup;
			children = (
				A87B07F918FACC5000331074 /* __init__.py */,
				A8967AA118FC5F3200827CBA /* test */,
				A87B07E918FAB9A400331074 /* controller */,
				A8C7C5FA18F9928400F5C0B2 /* examples */,
				A8C7C5FC18F9928400F5C0B2 /* http */,
				A87B07ED18FABA7900331074 /* modelbinding */,
				A87B07E718FAB77100331074 /* routing */,
				A87B07EF18FABB0800331074 /* templating */,
				A87B07F318FABEF200331074 /* url */,
				A8C7C60218F9928400F5C0B2 /* wsgi */,
			);
			sourceTree = "<group>";
		};
		A8C7C5FA18F9928400F5C0B2 /* examples */ = {
			isa = PBXGroup;
			children = (
				A8C7C5FB18F9928400F5C0B2 /* example.py */,
			);
			path = examples;
			sourceTree = "<group>";
		};
		A8C7C5FC18F9928400F5C0B2 /* http */ = {
			isa = PBXGroup;
			children = (
				A8C7C5FD18F9928400F5C0B2 /* __init__.py */,
				A8C7C5FE18F9928400F5C0B2 /* method.py */,
				A8C7C5FF18F9928400F5C0B2 /* request.py */,
				A8C7C60018F9928400F5C0B2 /* response.py */,
				A8C7C60118F9928400F5C0B2 /* statuscode.py */,
				A8967A8A18FC020C00827CBA /* test.py */,
			);
			path = http;
			sourceTree = "<group>";
		};
		A8C7C60218F9928400F5C0B2 /* wsgi */ = {
			isa = PBXGroup;
			children = (
				A8C7C60318F9928400F5C0B2 /* __init__.py */,
				A8C7C60418F9928400F5C0B2 /* interface.py */,
			);
			path = wsgi;
			sourceTree = "<group>";
		};
/* End PBXGroup section */

/* Begin PBXLegacyTarget section */
		A8C7C5F418F990EB00F5C0B2 /* mvc */ = {
			isa = PBXLegacyTarget;
			buildArgumentsString = "$(ACTION)";
			buildConfigurationList = A8C7C5F718F990EB00F5C0B2 /* Build configuration list for PBXLegacyTarget "mvc" */;
			buildPhases = (
			);
			buildToolPath = /Library/Frameworks/Python.framework/Versions/3.4/bin/python3;
			buildWorkingDirectory = "$(SOURCE_ROOT)/";
			dependencies = (
			);
			name = mvc;
			passBuildSettingsInEnvironment = 1;
			productName = mvc;
		};
/* End PBXLegacyTarget section */

/* Begin PBXProject section */
		A8C7C5F018F990EB00F5C0B2 /* Project object */ = {
			isa = PBXProject;
			attributes = {
				LastUpgradeCheck = 0510;
				ORGANIZATIONNAME = mvc;
			};
			buildConfigurationList = A8C7C5F318F990EB00F5C0B2 /* Build configuration list for PBXProject "mvc" */;
			compatibilityVersion = "Xcode 3.2";
			developmentRegion = English;
			hasScannedForEncodings = 0;
			knownRegions = (
				en,
			);
			mainGroup = A8C7C5EF18F990EB00F5C0B2;
			projectDirPath = "";
			projectRoot = "";
			targets = (
				A8C7C5F418F990EB00F5C0B2 /* mvc */,
			);
		};
/* End PBXProject section */

/* Begin XCBuildConfiguration section */
		A8C7C5F518F990EB00F5C0B2 /* Debug */ = {
			isa = XCBuildConfiguration;
			buildSettings = {
				ALWAYS_SEARCH_USER_PATHS = NO;
				CLANG_CXX_LANGUAGE_STANDARD = "gnu++0x";
				CLANG_CXX_LIBRARY = "libc++";
				CLANG_ENABLE_MODULES = YES;
				CLANG_ENABLE_OBJC_ARC = YES;
				CLANG_WARN_BOOL_CONVERSION = YES;
				CLANG_WARN_CONSTANT_CONVERSION = YES;
				CLANG_WARN_DIRECT_OBJC_ISA_USAGE = YES_ERROR;
				CLANG_WARN_EMPTY_BODY = YES;
				CLANG_WARN_ENUM_CONVERSION = YES;
				CLANG_WARN_INT_CONVERSION = YES;
				CLANG_WARN_OBJC_ROOT_CLASS = YES_ERROR;
				CLANG_WARN__DUPLICATE_METHOD_MATCH = YES;
				COPY_PHASE_STRIP = NO;
				GCC_C_LANGUAGE_STANDARD = gnu99;
				GCC_DYNAMIC_NO_PIC = NO;
				GCC_ENABLE_OBJC_EXCEPTIONS = YES;
				GCC_OPTIMIZATION_LEVEL = 0;
				GCC_PREPROCESSOR_DEFINITIONS = (
					"DEBUG=1",
					"$(inherited)",
				);
				GCC_SYMBOLS_PRIVATE_EXTERN = NO;
				GCC_WARN_64_TO_32_BIT_CONVERSION = YES;
				GCC_WARN_ABOUT_RETURN_TYPE = YES_ERROR;
				GCC_WARN_UNDECLARED_SELECTOR = YES;
				GCC_WARN_UNINITIALIZED_AUTOS = YES_AGGRESSIVE;
				GCC_WARN_UNUSED_FUNCTION = YES;
				GCC_WARN_UNUSED_VARIABLE = YES;
				MACOSX_DEPLOYMENT_TARGET = 10.9;
				ONLY_ACTIVE_ARCH = YES;
				SDKROOT = macosx;
			};
			name = Debug;
		};
		A8C7C5F618F990EB00F5C0B2 /* Release */ = {
			isa = XCBuildConfiguration;
			buildSettings = {
				ALWAYS_SEARCH_USER_PATHS = NO;
				CLANG_CXX_LANGUAGE_STANDARD = "gnu++0x";
				CLANG_CXX_LIBRARY = "libc++";
				CLANG_ENABLE_MODULES = YES;
				CLANG_ENABLE_OBJC_ARC = YES;
				CLANG_WARN_BOOL_CONVERSION = YES;
				CLANG_WARN_CONSTANT_CONVERSION = YES;
				CLANG_WARN_DIRECT_OBJC_ISA_USAGE = YES_ERROR;
				CLANG_WARN_EMPTY_BODY = YES;
				CLANG_WARN_ENUM_CONVERSION = YES;
				CLANG_WARN_INT_CONVERSION = YES;
				CLANG_WARN_OBJC_ROOT_CLASS = YES_ERROR;
				CLANG_WARN__DUPLICATE_METHOD_MATCH = YES;
				COPY_PHASE_STRIP = YES;
				DEBUG_INFORMATION_FORMAT = "dwarf-with-dsym";
				ENABLE_NS_ASSERTIONS = NO;
				GCC_C_LANGUAGE_STANDARD = gnu99;
				GCC_ENABLE_OBJC_EXCEPTIONS = YES;
				GCC_WARN_64_TO_32_BIT_CONVERSION = YES;
				GCC_WARN_ABOUT_RETURN_TYPE = YES_ERROR;
				GCC_WARN_UNDECLARED_SELECTOR = YES;
				GCC_WARN_UNINITIALIZED_AUTOS = YES_AGGRESSIVE;
				GCC_WARN_UNUSED_FUNCTION = YES;
				GCC_WARN_UNUSED_VARIABLE = YES;
				MACOSX_DEPLOYMENT_TARGET = 10.9;
				SDKROOT = macosx;
			};
			name = Release;
		};
		A8C7C5F818F990EB00F5C0B2 /* Debug */ = {
			isa = XCBuildConfiguration;
			buildSettings = {
				DEBUGGING_SYMBOLS = YES;
				GCC_GENERATE_DEBUGGING_SYMBOLS = YES;
				GCC_OPTIMIZATION_LEVEL = 0;
				OTHER_CFLAGS = "";
				OTHER_LDFLAGS = "";
				PRODUCT_NAME = "$(TARGET_NAME)";
			};
			name = Debug;
		};
		A8C7C5F918F990EB00F5C0B2 /* Release */ = {
			isa = XCBuildConfiguration;
			buildSettings = {
				OTHER_CFLAGS = "";
				OTHER_LDFLAGS = "";
				PRODUCT_NAME = "$(TARGET_NAME)";
			};
			name = Release;
		};
/* End XCBuildConfiguration section */

/* Begin XCConfigurationList section */
		A8C7C5F318F990EB00F5C0B2 /* Build configuration list for PBXProject "mvc" */ = {
			isa = XCConfigurationList;
			buildConfigurations = (
				A8C7C5F518F990EB00F5C0B2 /* Debug */,
				A8C7C5F618F990EB00F5C0B2 /* Release */,
			);
			defaultConfigurationIsVisible = 0;
			defaultConfigurationName = Release;
		};
		A8C7C5F718F990EB00F5C0B2 /* Build configuration list for PBXLegacyTarget "mvc" */ = {
			isa = XCConfigurationList;
			buildConfigurations = (
				A8C7C5F818F990EB00F5C0B2 /* Debug */,
				A8C7C5F918F990EB00F5C0B2 /* Release */,
			);
			defaultConfigurationIsVisible = 0;
			defaultConfigurationName = Release;
		};
/* End XCConfigurationList section */
	};
	rootObject = A8C7C5F018F990EB00F5C0B2 /* Project object */;
}
