// !$*UTF8*$!
{
	archiveVersion = 1;
	classes = {
	};
	objectVersion = 46;
	objects = {

/* Begin PBXFileReference section */
		A8C7C5DE18F96FAB00F5C0B2 /* __init__.py */ = {isa = PBXFileReference; lastKnownFileType = text.script.python; path = __init__.py; sourceTree = "<group>"; };
		A8C7C5DF18F96FAB00F5C0B2 /* .DS_Store */ = {isa = PBXFileReference; lastKnownFileType = file; path = .DS_Store; sourceTree = "<group>"; };
		A8C7C5E118F96FAB00F5C0B2 /* examplecontroller.py */ = {isa = PBXFileReference; lastKnownFileType = text.script.python; path = examplecontroller.py; sourceTree = "<group>"; };
		A8C7C5E318F96FAB00F5C0B2 /* __init__.py */ = {isa = PBXFileReference; lastKnownFileType = text.script.python; path = __init__.py; sourceTree = "<group>"; };
		A8C7C5E418F96FAB00F5C0B2 /* method.py */ = {isa = PBXFileReference; lastKnownFileType = text.script.python; path = method.py; sourceTree = "<group>"; };
		A8C7C5E518F96FAB00F5C0B2 /* statuscode.py */ = {isa = PBXFileReference; lastKnownFileType = text.script.python; path = statuscode.py; sourceTree = "<group>"; };
		A8C7C5EB18F972CE00F5C0B2 /* __init__.py */ = {isa = PBXFileReference; lastKnownFileType = text.script.python; path = __init__.py; sourceTree = "<group>"; };
		A8C7C5EC18F9738800F5C0B2 /* interface */ = {isa = PBXFileReference; lastKnownFileType = text; path = interface; sourceTree = "<group>"; };
		A8C7C5ED18F974D200F5C0B2 /* request.py */ = {isa = PBXFileReference; lastKnownFileType = text.script.python; path = request.py; sourceTree = "<group>"; };
		A8C7C5EE18F9760C00F5C0B2 /* response.py */ = {isa = PBXFileReference; lastKnownFileType = text.script.python; path = response.py; sourceTree = "<group>"; };
/* End PBXFileReference section */

/* Begin PBXGroup section */
		A8C7C5D718F96F8600F5C0B2 = {
			isa = PBXGroup;
			children = (
				A8C7C5E018F96FAB00F5C0B2 /* examples */,
				A8C7C5E218F96FAB00F5C0B2 /* http */,
				A8C7C5EA18F9728B00F5C0B2 /* wsgi */,
				A8C7C5DE18F96FAB00F5C0B2 /* __init__.py */,
				A8C7C5DF18F96FAB00F5C0B2 /* .DS_Store */,
			);
			sourceTree = "<group>";
		};
		A8C7C5E018F96FAB00F5C0B2 /* examples */ = {
			isa = PBXGroup;
			children = (
				A8C7C5E118F96FAB00F5C0B2 /* examplecontroller.py */,
			);
			path = examples;
			sourceTree = "<group>";
		};
		A8C7C5E218F96FAB00F5C0B2 /* http */ = {
			isa = PBXGroup;
			children = (
				A8C7C5E318F96FAB00F5C0B2 /* __init__.py */,
				A8C7C5E418F96FAB00F5C0B2 /* method.py */,
				A8C7C5E518F96FAB00F5C0B2 /* statuscode.py */,
				A8C7C5ED18F974D200F5C0B2 /* request.py */,
				A8C7C5EE18F9760C00F5C0B2 /* response.py */,
			);
			path = http;
			sourceTree = "<group>";
		};
		A8C7C5EA18F9728B00F5C0B2 /* wsgi */ = {
			isa = PBXGroup;
			children = (
				A8C7C5EB18F972CE00F5C0B2 /* __init__.py */,
				A8C7C5EC18F9738800F5C0B2 /* interface */,
			);
			path = wsgi;
			sourceTree = "<group>";
		};
/* End PBXGroup section */

/* Begin PBXProject section */
		A8C7C5D818F96F8600F5C0B2 /* Project object */ = {
			isa = PBXProject;
			attributes = {
				LastUpgradeCheck = 0510;
			};
			buildConfigurationList = A8C7C5DB18F96F8600F5C0B2 /* Build configuration list for PBXProject "mvc" */;
			compatibilityVersion = "Xcode 3.2";
			developmentRegion = English;
			hasScannedForEncodings = 0;
			knownRegions = (
				en,
			);
			mainGroup = A8C7C5D718F96F8600F5C0B2;
			projectDirPath = "";
			projectRoot = "";
			targets = (
			);
		};
/* End PBXProject section */

/* Begin XCBuildConfiguration section */
		A8C7C5DC18F96F8600F5C0B2 /* Debug */ = {
			isa = XCBuildConfiguration;
			buildSettings = {
			};
			name = Debug;
		};
		A8C7C5DD18F96F8600F5C0B2 /* Release */ = {
			isa = XCBuildConfiguration;
			buildSettings = {
			};
			name = Release;
		};
/* End XCBuildConfiguration section */

/* Begin XCConfigurationList section */
		A8C7C5DB18F96F8600F5C0B2 /* Build configuration list for PBXProject "mvc" */ = {
			isa = XCConfigurationList;
			buildConfigurations = (
				A8C7C5DC18F96F8600F5C0B2 /* Debug */,
				A8C7C5DD18F96F8600F5C0B2 /* Release */,
			);
			defaultConfigurationIsVisible = 0;
			defaultConfigurationName = Release;
		};
/* End XCConfigurationList section */
	};
	rootObject = A8C7C5D818F96F8600F5C0B2 /* Project object */;
}
